
Microsoft Visual Studio Solution File, Format Version 12.00
# Visual Studio Version 16
VisualStudioVersion = 16.0.30907.101
MinimumVisualStudioVersion = 10.0.40219.1
Project("{9A19103F-16F7-4668-BE54-9A1E7A4F7556}") = "LibreriaVehiculos", "LibreriaVehiculos\LibreriaVehiculos.csproj", "{5CF4F14D-99F9-44AE-8975-F2326BF21F37}"
EndProject
Project("{9A19103F-16F7-4668-BE54-9A1E7A4F7556}") = "Polimorfismo", "Polimorfismo\Polimorfismo.csproj", "{1E72108A-2CBC-4AFE-91A7-6B3878984249}"
EndProject
Project("{9A19103F-16F7-4668-BE54-9A1E7A4F7556}") = "MasPolimorfismo", "MasPolimorfismo\MasPolimorfismo.csproj", "{C20113DC-6693-4CFD-9AE8-80EE26728C5E}"
EndProject
Project("{9A19103F-16F7-4668-BE54-9A1E7A4F7556}") = "Concurrencia", "Concurrencia\Concurrencia.csproj", "{B09D7764-9BEC-4C45-9A1A-B4BF07BC7129}"
EndProject
Project("{9A19103F-16F7-4668-BE54-9A1E7A4F7556}") = "Excepciones", "Excepciones\Excepciones.csproj", "{026117F4-3A7B-41D3-A015-915C58F119B5}"
EndProject
Global
	GlobalSection(SolutionConfigurationPlatforms) = preSolution
		Debug|Any CPU = Debug|Any CPU
		Release|Any CPU = Release|Any CPU
	EndGlobalSection
	GlobalSection(ProjectConfigurationPlatforms) = postSolution
		{5CF4F14D-99F9-44AE-8975-F2326BF21F37}.Debug|Any CPU.ActiveCfg = Debug|Any CPU
		{5CF4F14D-99F9-44AE-8975-F2326BF21F37}.Debug|Any CPU.Build.0 = Debug|Any CPU
		{5CF4F14D-99F9-44AE-8975-F2326BF21F37}.Release|Any CPU.ActiveCfg = Release|Any CPU
		{5CF4F14D-99F9-44AE-8975-F2326BF21F37}.Release|Any CPU.Build.0 = Release|Any CPU
		{1E72108A-2CBC-4AFE-91A7-6B3878984249}.Debug|Any CPU.ActiveCfg = Debug|Any CPU
		{1E72108A-2CBC-4AFE-91A7-6B3878984249}.Debug|Any CPU.Build.0 = Debug|Any CPU
		{1E72108A-2CBC-4AFE-91A7-6B3878984249}.Release|Any CPU.ActiveCfg = Release|Any CPU
		{1E72108A-2CBC-4AFE-91A7-6B3878984249}.Release|Any CPU.Build.0 = Release|Any CPU
		{C20113DC-6693-4CFD-9AE8-80EE26728C5E}.Debug|Any CPU.ActiveCfg = Debug|Any CPU
		{C20113DC-6693-4CFD-9AE8-80EE26728C5E}.Debug|Any CPU.Build.0 = Debug|Any CPU
		{C20113DC-6693-4CFD-9AE8-80EE26728C5E}.Release|Any CPU.ActiveCfg = Release|Any CPU
		{C20113DC-6693-4CFD-9AE8-80EE26728C5E}.Release|Any CPU.Build.0 = Release|Any CPU
		{B09D7764-9BEC-4C45-9A1A-B4BF07BC7129}.Debug|Any CPU.ActiveCfg = Debug|Any CPU
		{B09D7764-9BEC-4C45-9A1A-B4BF07BC7129}.Debug|Any CPU.Build.0 = Debug|Any CPU
		{B09D7764-9BEC-4C45-9A1A-B4BF07BC7129}.Release|Any CPU.ActiveCfg = Release|Any CPU
		{B09D7764-9BEC-4C45-9A1A-B4BF07BC7129}.Release|Any CPU.Build.0 = Release|Any CPU
		{026117F4-3A7B-41D3-A015-915C58F119B5}.Debug|Any CPU.ActiveCfg = Debug|Any CPU
		{026117F4-3A7B-41D3-A015-915C58F119B5}.Debug|Any CPU.Build.0 = Debug|Any CPU
		{026117F4-3A7B-41D3-A015-915C58F119B5}.Release|Any CPU.ActiveCfg = Release|Any CPU
		{026117F4-3A7B-41D3-A015-915C58F119B5}.Release|Any CPU.Build.0 = Release|Any CPU
	EndGlobalSection
	GlobalSection(SolutionProperties) = preSolution
		HideSolutionNode = FALSE
	EndGlobalSection
	GlobalSection(ExtensibilityGlobals) = postSolution
		SolutionGuid = {FC496834-584F-4C02-A199-B0C2373E2A6F}
	EndGlobalSection
EndGlobal
